// !$*UTF8*$!
{
	archiveVersion = 1;
	classes = {
	};
	objectVersion = 56;
	objects = {

/* Begin PBXBuildFile section */
		C4FC290C2A1F6DA700D79F78 /* ElasticToggleApp.swift in Sources */ = {isa = PBXBuildFile; fileRef = C4FC290B2A1F6DA700D79F78 /* ElasticToggleApp.swift */; };
		C4FC290E2A1F6DA700D79F78 /* ContentView.swift in Sources */ = {isa = PBXBuildFile; fileRef = C4FC290D2A1F6DA700D79F78 /* ContentView.swift */; };
		C4FC29102A1F6DA800D79F78 /* Assets.xcassets in Resources */ = {isa = PBXBuildFile; fileRef = C4FC290F2A1F6DA800D79F78 /* Assets.xcassets */; };
		C4FC29132A1F6DA800D79F78 /* Preview Assets.xcassets in Resources */ = {isa = PBXBuildFile; fileRef = C4FC29122A1F6DA800D79F78 /* Preview Assets.xcassets */; };
		C4FC291D2A1F6DA800D79F78 /* ElasticToggleTests.swift in Sources */ = {isa = PBXBuildFile; fileRef = C4FC291C2A1F6DA800D79F78 /* ElasticToggleTests.swift */; };
		C4FC29272A1F6DA800D79F78 /* ElasticToggleUITests.swift in Sources */ = {isa = PBXBuildFile; fileRef = C4FC29262A1F6DA800D79F78 /* ElasticToggleUITests.swift */; };
		C4FC29292A1F6DA800D79F78 /* ElasticToggleUITestsLaunchTests.swift in Sources */ = {isa = PBXBuildFile; fileRef = C4FC29282A1F6DA800D79F78 /* ElasticToggleUITestsLaunchTests.swift */; };
/* End PBXBuildFile section */

/* Begin PBXContainerItemProxy section */
		C4FC29192A1F6DA800D79F78 /* PBXContainerItemProxy */ = {
			isa = PBXContainerItemProxy;
			containerPortal = C4FC29002A1F6DA700D79F78 /* Project object */;
			proxyType = 1;
			remoteGlobalIDString = C4FC29072A1F6DA700D79F78;
			remoteInfo = ElasticToggle;
		};
		C4FC29232A1F6DA800D79F78 /* PBXContainerItemProxy */ = {
			isa = PBXContainerItemProxy;
			containerPortal = C4FC29002A1F6DA700D79F78 /* Project object */;
			proxyType = 1;
			remoteGlobalIDString = C4FC29072A1F6DA700D79F78;
			remoteInfo = ElasticToggle;
		};
/* End PBXContainerItemProxy section */

/* Begin PBXFileReference section */
		C4FC29082A1F6DA700D79F78 /* ElasticToggle.app */ = {isa = PBXFileReference; explicitFileType = wrapper.application; includeInIndex = 0; path = ElasticToggle.app; sourceTree = BUILT_PRODUCTS_DIR; };
		C4FC290B2A1F6DA700D79F78 /* ElasticToggleApp.swift */ = {isa = PBXFileReference; lastKnownFileType = sourcecode.swift; path = ElasticToggleApp.swift; sourceTree = "<group>"; };
		C4FC290D2A1F6DA700D79F78 /* ContentView.swift */ = {isa = PBXFileReference; lastKnownFileType = sourcecode.swift; path = ContentView.swift; sourceTree = "<group>"; };
		C4FC290F2A1F6DA800D79F78 /* Assets.xcassets */ = {isa = PBXFileReference; lastKnownFileType = folder.assetcatalog; path = Assets.xcassets; sourceTree = "<group>"; };
		C4FC29122A1F6DA800D79F78 /* Preview Assets.xcassets */ = {isa = PBXFileReference; lastKnownFileType = folder.assetcatalog; path = "Preview Assets.xcassets"; sourceTree = "<group>"; };
		C4FC29182A1F6DA800D79F78 /* ElasticToggleTests.xctest */ = {isa = PBXFileReference; explicitFileType = wrapper.cfbundle; includeInIndex = 0; path = ElasticToggleTests.xctest; sourceTree = BUILT_PRODUCTS_DIR; };
		C4FC291C2A1F6DA800D79F78 /* ElasticToggleTests.swift */ = {isa = PBXFileReference; lastKnownFileType = sourcecode.swift; path = ElasticToggleTests.swift; sourceTree = "<group>"; };
		C4FC29222A1F6DA800D79F78 /* ElasticToggleUITests.xctest */ = {isa = PBXFileReference; explicitFileType = wrapper.cfbundle; includeInIndex = 0; path = ElasticToggleUITests.xctest; sourceTree = BUILT_PRODUCTS_DIR; };
		C4FC29262A1F6DA800D79F78 /* ElasticToggleUITests.swift */ = {isa = PBXFileReference; lastKnownFileType = sourcecode.swift; path = ElasticToggleUITests.swift; sourceTree = "<group>"; };
		C4FC29282A1F6DA800D79F78 /* ElasticToggleUITestsLaunchTests.swift */ = {isa = PBXFileReference; lastKnownFileType = sourcecode.swift; path = ElasticToggleUITestsLaunchTests.swift; sourceTree = "<group>"; };
/* End PBXFileReference section */

/* Begin PBXFrameworksBuildPhase section */
		C4FC29052A1F6DA700D79F78 /* Frameworks */ = {
			isa = PBXFrameworksBuildPhase;
			buildActionMask = 2147483647;
			files = (
			);
			runOnlyForDeploymentPostprocessing = 0;
		};
		C4FC29152A1F6DA800D79F78 /* Frameworks */ = {
			isa = PBXFrameworksBuildPhase;
			buildActionMask = 2147483647;
			files = (
			);
			runOnlyForDeploymentPostprocessing = 0;
		};
		C4FC291F2A1F6DA800D79F78 /* Frameworks */ = {
			isa = PBXFrameworksBuildPhase;
			buildActionMask = 2147483647;
			files = (
			);
			runOnlyForDeploymentPostprocessing = 0;
		};
/* End PBXFrameworksBuildPhase section */

/* Begin PBXGroup section */
		C4FC28FF2A1F6DA700D79F78 = {
			isa = PBXGroup;
			children = (
				C4FC290A2A1F6DA700D79F78 /* ElasticToggle */,
				C4FC291B2A1F6DA800D79F78 /* ElasticToggleTests */,
				C4FC29252A1F6DA800D79F78 /* ElasticToggleUITests */,
				C4FC29092A1F6DA700D79F78 /* Products */,
			);
			sourceTree = "<group>";
		};
		C4FC29092A1F6DA700D79F78 /* Products */ = {
			isa = PBXGroup;
			children = (
				C4FC29082A1F6DA700D79F78 /* ElasticToggle.app */,
				C4FC29182A1F6DA800D79F78 /* ElasticToggleTests.xctest */,
				C4FC29222A1F6DA800D79F78 /* ElasticToggleUITests.xctest */,
			);
			name = Products;
			sourceTree = "<group>";
		};
		C4FC290A2A1F6DA700D79F78 /* ElasticToggle */ = {
			isa = PBXGroup;
			children = (
				C4FC290B2A1F6DA700D79F78 /* ElasticToggleApp.swift */,
				C4FC290D2A1F6DA700D79F78 /* ContentView.swift */,
				C4FC290F2A1F6DA800D79F78 /* Assets.xcassets */,
				C4FC29112A1F6DA800D79F78 /* Preview Content */,
			);
			path = ElasticToggle;
			sourceTree = "<group>";
		};
		C4FC29112A1F6DA800D79F78 /* Preview Content */ = {
			isa = PBXGroup;
			children = (
				C4FC29122A1F6DA800D79F78 /* Preview Assets.xcassets */,
			);
			path = "Preview Content";
			sourceTree = "<group>";
		};
		C4FC291B2A1F6DA800D79F78 /* ElasticToggleTests */ = {
			isa = PBXGroup;
			children = (
				C4FC291C2A1F6DA800D79F78 /* ElasticToggleTests.swift */,
			);
			path = ElasticToggleTests;
			sourceTree = "<group>";
		};
		C4FC29252A1F6DA800D79F78 /* ElasticToggleUITests */ = {
			isa = PBXGroup;
			children = (
				C4FC29262A1F6DA800D79F78 /* ElasticToggleUITests.swift */,
				C4FC29282A1F6DA800D79F78 /* ElasticToggleUITestsLaunchTests.swift */,
			);
			path = ElasticToggleUITests;
			sourceTree = "<group>";
		};
/* End PBXGroup section */

/* Begin PBXNativeTarget section */
		C4FC29072A1F6DA700D79F78 /* ElasticToggle */ = {
			isa = PBXNativeTarget;
			buildConfigurationList = C4FC292C2A1F6DA800D79F78 /* Build configuration list for PBXNativeTarget "ElasticToggle" */;
			buildPhases = (
				C4FC29042A1F6DA700D79F78 /* Sources */,
				C4FC29052A1F6DA700D79F78 /* Frameworks */,
				C4FC29062A1F6DA700D79F78 /* Resources */,
			);
			buildRules = (
			);
			dependencies = (
			);
			name = ElasticToggle;
			productName = ElasticToggle;
			productReference = C4FC29082A1F6DA700D79F78 /* ElasticToggle.app */;
			productType = "com.apple.product-type.application";
		};
		C4FC29172A1F6DA800D79F78 /* ElasticToggleTests */ = {
			isa = PBXNativeTarget;
			buildConfigurationList = C4FC292F2A1F6DA800D79F78 /* Build configuration list for PBXNativeTarget "ElasticToggleTests" */;
			buildPhases = (
				C4FC29142A1F6DA800D79F78 /* Sources */,
				C4FC29152A1F6DA800D79F78 /* Frameworks */,
				C4FC29162A1F6DA800D79F78 /* Resources */,
			);
			buildRules = (
			);
			dependencies = (
				C4FC291A2A1F6DA800D79F78 /* PBXTargetDependency */,
			);
			name = ElasticToggleTests;
			productName = ElasticToggleTests;
			productReference = C4FC29182A1F6DA800D79F78 /* ElasticToggleTests.xctest */;
			productType = "com.apple.product-type.bundle.unit-test";
		};
		C4FC29212A1F6DA800D79F78 /* ElasticToggleUITests */ = {
			isa = PBXNativeTarget;
			buildConfigurationList = C4FC29322A1F6DA800D79F78 /* Build configuration list for PBXNativeTarget "ElasticToggleUITests" */;
			buildPhases = (
				C4FC291E2A1F6DA800D79F78 /* Sources */,
				C4FC291F2A1F6DA800D79F78 /* Frameworks */,
				C4FC29202A1F6DA800D79F78 /* Resources */,
			);
			buildRules = (
			);
			dependencies = (
				C4FC29242A1F6DA800D79F78 /* PBXTargetDependency */,
			);
			name = ElasticToggleUITests;
			productName = ElasticToggleUITests;
			productReference = C4FC29222A1F6DA800D79F78 /* ElasticToggleUITests.xctest */;
			productType = "com.apple.product-type.bundle.ui-testing";
		};
/* End PBXNativeTarget section */

/* Begin PBXProject section */
		C4FC29002A1F6DA700D79F78 /* Project object */ = {
			isa = PBXProject;
			attributes = {
				BuildIndependentTargetsInParallel = 1;
				LastSwiftUpdateCheck = 1430;
				LastUpgradeCheck = 1430;
				TargetAttributes = {
					C4FC29072A1F6DA700D79F78 = {
						CreatedOnToolsVersion = 14.3;
					};
					C4FC29172A1F6DA800D79F78 = {
						CreatedOnToolsVersion = 14.3;
						TestTargetID = C4FC29072A1F6DA700D79F78;
					};
					C4FC29212A1F6DA800D79F78 = {
						CreatedOnToolsVersion = 14.3;
						TestTargetID = C4FC29072A1F6DA700D79F78;
					};
				};
			};
			buildConfigurationList = C4FC29032A1F6DA700D79F78 /* Build configuration list for PBXProject "ElasticToggle" */;
			compatibilityVersion = "Xcode 14.0";
			developmentRegion = en;
			hasScannedForEncodings = 0;
			knownRegions = (
				en,
				Base,
			);
			mainGroup = C4FC28FF2A1F6DA700D79F78;
			productRefGroup = C4FC29092A1F6DA700D79F78 /* Products */;
			projectDirPath = "";
			projectRoot = "";
			targets = (
				C4FC29072A1F6DA700D79F78 /* ElasticToggle */,
				C4FC29172A1F6DA800D79F78 /* ElasticToggleTests */,
				C4FC29212A1F6DA800D79F78 /* ElasticToggleUITests */,
			);
		};
/* End PBXProject section */

/* Begin PBXResourcesBuildPhase section */
		C4FC29062A1F6DA700D79F78 /* Resources */ = {
			isa = PBXResourcesBuildPhase;
			buildActionMask = 2147483647;
			files = (
				C4FC29132A1F6DA800D79F78 /* Preview Assets.xcassets in Resources */,
				C4FC29102A1F6DA800D79F78 /* Assets.xcassets in Resources */,
			);
			runOnlyForDeploymentPostprocessing = 0;
		};
		C4FC29162A1F6DA800D79F78 /* Resources */ = {
			isa = PBXResourcesBuildPhase;
			buildActionMask = 2147483647;
			files = (
			);
			runOnlyForDeploymentPostprocessing = 0;
		};
		C4FC29202A1F6DA800D79F78 /* Resources */ = {
			isa = PBXResourcesBuildPhase;
			buildActionMask = 2147483647;
			files = (
			);
			runOnlyForDeploymentPostprocessing = 0;
		};
/* End PBXResourcesBuildPhase section */

/* Begin PBXSourcesBuildPhase section */
		C4FC29042A1F6DA700D79F78 /* Sources */ = {
			isa = PBXSourcesBuildPhase;
			buildActionMask = 2147483647;
			files = (
				C4FC290E2A1F6DA700D79F78 /* ContentView.swift in Sources */,
				C4FC290C2A1F6DA700D79F78 /* ElasticToggleApp.swift in Sources */,
			);
			runOnlyForDeploymentPostprocessing = 0;
		};
		C4FC29142A1F6DA800D79F78 /* Sources */ = {
			isa = PBXSourcesBuildPhase;
			buildActionMask = 2147483647;
			files = (
				C4FC291D2A1F6DA800D79F78 /* ElasticToggleTests.swift in Sources */,
			);
			runOnlyForDeploymentPostprocessing = 0;
		};
		C4FC291E2A1F6DA800D79F78 /* Sources */ = {
			isa = PBXSourcesBuildPhase;
			buildActionMask = 2147483647;
			files = (
				C4FC29292A1F6DA800D79F78 /* ElasticToggleUITestsLaunchTests.swift in Sources */,
				C4FC29272A1F6DA800D79F78 /* ElasticToggleUITests.swift in Sources */,
			);
			runOnlyForDeploymentPostprocessing = 0;
		};
/* End PBXSourcesBuildPhase section */

/* Begin PBXTargetDependency section */
		C4FC291A2A1F6DA800D79F78 /* PBXTargetDependency */ = {
			isa = PBXTargetDependency;
			target = C4FC29072A1F6DA700D79F78 /* ElasticToggle */;
			targetProxy = C4FC29192A1F6DA800D79F78 /* PBXContainerItemProxy */;
		};
		C4FC29242A1F6DA800D79F78 /* PBXTargetDependency */ = {
			isa = PBXTargetDependency;
			target = C4FC29072A1F6DA700D79F78 /* ElasticToggle */;
			targetProxy = C4FC29232A1F6DA800D79F78 /* PBXContainerItemProxy */;
		};
/* End PBXTargetDependency section */

/* Begin XCBuildConfiguration section */
		C4FC292A2A1F6DA800D79F78 /* Debug */ = {
			isa = XCBuildConfiguration;
			buildSettings = {
				ALWAYS_SEARCH_USER_PATHS = NO;
				CLANG_ANALYZER_NONNULL = YES;
				CLANG_ANALYZER_NUMBER_OBJECT_CONVERSION = YES_AGGRESSIVE;
				CLANG_CXX_LANGUAGE_STANDARD = "gnu++20";
				CLANG_ENABLE_MODULES = YES;
				CLANG_ENABLE_OBJC_ARC = YES;
				CLANG_ENABLE_OBJC_WEAK = YES;
				CLANG_WARN_BLOCK_CAPTURE_AUTORELEASING = YES;
				CLANG_WARN_BOOL_CONVERSION = YES;
				CLANG_WARN_COMMA = YES;
				CLANG_WARN_CONSTANT_CONVERSION = YES;
				CLANG_WARN_DEPRECATED_OBJC_IMPLEMENTATIONS = YES;
				CLANG_WARN_DIRECT_OBJC_ISA_USAGE = YES_ERROR;
				CLANG_WARN_DOCUMENTATION_COMMENTS = YES;
				CLANG_WARN_EMPTY_BODY = YES;
				CLANG_WARN_ENUM_CONVERSION = YES;
				CLANG_WARN_INFINITE_RECURSION = YES;
				CLANG_WARN_INT_CONVERSION = YES;
				CLANG_WARN_NON_LITERAL_NULL_CONVERSION = YES;
				CLANG_WARN_OBJC_IMPLICIT_RETAIN_SELF = YES;
				CLANG_WARN_OBJC_LITERAL_CONVERSION = YES;
				CLANG_WARN_OBJC_ROOT_CLASS = YES_ERROR;
				CLANG_WARN_QUOTED_INCLUDE_IN_FRAMEWORK_HEADER = YES;
				CLANG_WARN_RANGE_LOOP_ANALYSIS = YES;
				CLANG_WARN_STRICT_PROTOTYPES = YES;
				CLANG_WARN_SUSPICIOUS_MOVE = YES;
				CLANG_WARN_UNGUARDED_AVAILABILITY = YES_AGGRESSIVE;
				CLANG_WARN_UNREACHABLE_CODE = YES;
				CLANG_WARN__DUPLICATE_METHOD_MATCH = YES;
				COPY_PHASE_STRIP = NO;
				DEBUG_INFORMATION_FORMAT = dwarf;
				ENABLE_STRICT_OBJC_MSGSEND = YES;
				ENABLE_TESTABILITY = YES;
				GCC_C_LANGUAGE_STANDARD = gnu11;
				GCC_DYNAMIC_NO_PIC = NO;
				GCC_NO_COMMON_BLOCKS = YES;
				GCC_OPTIMIZATION_LEVEL = 0;
				GCC_PREPROCESSOR_DEFINITIONS = (
					"DEBUG=1",
					"$(inherited)",
				);
				GCC_WARN_64_TO_32_BIT_CONVERSION = YES;
				GCC_WARN_ABOUT_RETURN_TYPE = YES_ERROR;
				GCC_WARN_UNDECLARED_SELECTOR = YES;
				GCC_WARN_UNINITIALIZED_AUTOS = YES_AGGRESSIVE;
				GCC_WARN_UNUSED_FUNCTION = YES;
				GCC_WARN_UNUSED_VARIABLE = YES;
				IPHONEOS_DEPLOYMENT_TARGET = 16.4;
				MTL_ENABLE_DEBUG_INFO = INCLUDE_SOURCE;
				MTL_FAST_MATH = YES;
				ONLY_ACTIVE_ARCH = YES;
				SDKROOT = iphoneos;
				SWIFT_ACTIVE_COMPILATION_CONDITIONS = DEBUG;
				SWIFT_OPTIMIZATION_LEVEL = "-Onone";
			};
			name = Debug;
		};
		C4FC292B2A1F6DA800D79F78 /* Release */ = {
			isa = XCBuildConfiguration;
			buildSettings = {
				ALWAYS_SEARCH_USER_PATHS = NO;
				CLANG_ANALYZER_NONNULL = YES;
				CLANG_ANALYZER_NUMBER_OBJECT_CONVERSION = YES_AGGRESSIVE;
				CLANG_CXX_LANGUAGE_STANDARD = "gnu++20";
				CLANG_ENABLE_MODULES = YES;
				CLANG_ENABLE_OBJC_ARC = YES;
				CLANG_ENABLE_OBJC_WEAK = YES;
				CLANG_WARN_BLOCK_CAPTURE_AUTORELEASING = YES;
				CLANG_WARN_BOOL_CONVERSION = YES;
				CLANG_WARN_COMMA = YES;
				CLANG_WARN_CONSTANT_CONVERSION = YES;
				CLANG_WARN_DEPRECATED_OBJC_IMPLEMENTATIONS = YES;
				CLANG_WARN_DIRECT_OBJC_ISA_USAGE = YES_ERROR;
				CLANG_WARN_DOCUMENTATION_COMMENTS = YES;
				CLANG_WARN_EMPTY_BODY = YES;
				CLANG_WARN_ENUM_CONVERSION = YES;
				CLANG_WARN_INFINITE_RECURSION = YES;
				CLANG_WARN_INT_CONVERSION = YES;
				CLANG_WARN_NON_LITERAL_NULL_CONVERSION = YES;
				CLANG_WARN_OBJC_IMPLICIT_RETAIN_SELF = YES;
				CLANG_WARN_OBJC_LITERAL_CONVERSION = YES;
				CLANG_WARN_OBJC_ROOT_CLASS = YES_ERROR;
				CLANG_WARN_QUOTED_INCLUDE_IN_FRAMEWORK_HEADER = YES;
				CLANG_WARN_RANGE_LOOP_ANALYSIS = YES;
				CLANG_WARN_STRICT_PROTOTYPES = YES;
				CLANG_WARN_SUSPICIOUS_MOVE = YES;
				CLANG_WARN_UNGUARDED_AVAILABILITY = YES_AGGRESSIVE;
				CLANG_WARN_UNREACHABLE_CODE = YES;
				CLANG_WARN__DUPLICATE_METHOD_MATCH = YES;
				COPY_PHASE_STRIP = NO;
				DEBUG_INFORMATION_FORMAT = "dwarf-with-dsym";
				ENABLE_NS_ASSERTIONS = NO;
				ENABLE_STRICT_OBJC_MSGSEND = YES;
				GCC_C_LANGUAGE_STANDARD = gnu11;
				GCC_NO_COMMON_BLOCKS = YES;
				GCC_WARN_64_TO_32_BIT_CONVERSION = YES;
				GCC_WARN_ABOUT_RETURN_TYPE = YES_ERROR;
				GCC_WARN_UNDECLARED_SELECTOR = YES;
				GCC_WARN_UNINITIALIZED_AUTOS = YES_AGGRESSIVE;
				GCC_WARN_UNUSED_FUNCTION = YES;
				GCC_WARN_UNUSED_VARIABLE = YES;
				IPHONEOS_DEPLOYMENT_TARGET = 16.4;
				MTL_ENABLE_DEBUG_INFO = NO;
				MTL_FAST_MATH = YES;
				SDKROOT = iphoneos;
				SWIFT_COMPILATION_MODE = wholemodule;
				SWIFT_OPTIMIZATION_LEVEL = "-O";
				VALIDATE_PRODUCT = YES;
			};
			name = Release;
		};
		C4FC292D2A1F6DA800D79F78 /* Debug */ = {
			isa = XCBuildConfiguration;
			buildSettings = {
				ASSETCATALOG_COMPILER_APPICON_NAME = AppIcon;
				ASSETCATALOG_COMPILER_GLOBAL_ACCENT_COLOR_NAME = AccentColor;
				CODE_SIGN_STYLE = Automatic;
				CURRENT_PROJECT_VERSION = 1;
				DEVELOPMENT_ASSET_PATHS = "\"ElasticToggle/Preview Content\"";
				DEVELOPMENT_TEAM = 685NK64Q38;
				ENABLE_PREVIEWS = YES;
				GENERATE_INFOPLIST_FILE = YES;
				INFOPLIST_KEY_UIApplicationSceneManifest_Generation = YES;
				INFOPLIST_KEY_UIApplicationSupportsIndirectInputEvents = YES;
				INFOPLIST_KEY_UILaunchScreen_Generation = YES;
				INFOPLIST_KEY_UISupportedInterfaceOrientations_iPad = "UIInterfaceOrientationPortrait UIInterfaceOrientationPortraitUpsideDown UIInterfaceOrientationLandscapeLeft UIInterfaceOrientationLandscapeRight";
				INFOPLIST_KEY_UISupportedInterfaceOrientations_iPhone = "UIInterfaceOrientationPortrait UIInterfaceOrientationLandscapeLeft UIInterfaceOrientationLandscapeRight";
				LD_RUNPATH_SEARCH_PATHS = (
					"$(inherited)",
					"@executable_path/Frameworks",
				);
				MARKETING_VERSION = 1.0;
				PRODUCT_BUNDLE_IDENTIFIER = raul.ElasticToggle;
				PRODUCT_NAME = "$(TARGET_NAME)";
				SWIFT_EMIT_LOC_STRINGS = YES;
				SWIFT_VERSION = 5.0;
				TARGETED_DEVICE_FAMILY = "1,2";
			};
			name = Debug;
		};
		C4FC292E2A1F6DA800D79F78 /* Release */ = {
			isa = XCBuildConfiguration;
			buildSettings = {
				ASSETCATALOG_COMPILER_APPICON_NAME = AppIcon;
				ASSETCATALOG_COMPILER_GLOBAL_ACCENT_COLOR_NAME = AccentColor;
				CODE_SIGN_STYLE = Automatic;
				CURRENT_PROJECT_VERSION = 1;
				DEVELOPMENT_ASSET_PATHS = "\"ElasticToggle/Preview Content\"";
				DEVELOPMENT_TEAM = 685NK64Q38;
				ENABLE_PREVIEWS = YES;
				GENERATE_INFOPLIST_FILE = YES;
				INFOPLIST_KEY_UIApplicationSceneManifest_Generation = YES;
				INFOPLIST_KEY_UIApplicationSupportsIndirectInputEvents = YES;
				INFOPLIST_KEY_UILaunchScreen_Generation = YES;
				INFOPLIST_KEY_UISupportedInterfaceOrientations_iPad = "UIInterfaceOrientationPortrait UIInterfaceOrientationPortraitUpsideDown UIInterfaceOrientationLandscapeLeft UIInterfaceOrientationLandscapeRight";
				INFOPLIST_KEY_UISupportedInterfaceOrientations_iPhone = "UIInterfaceOrientationPortrait UIInterfaceOrientationLandscapeLeft UIInterfaceOrientationLandscapeRight";
				LD_RUNPATH_SEARCH_PATHS = (
					"$(inherited)",
					"@executable_path/Frameworks",
				);
				MARKETING_VERSION = 1.0;
				PRODUCT_BUNDLE_IDENTIFIER = raul.ElasticToggle;
				PRODUCT_NAME = "$(TARGET_NAME)";
				SWIFT_EMIT_LOC_STRINGS = YES;
				SWIFT_VERSION = 5.0;
				TARGETED_DEVICE_FAMILY = "1,2";
			};
			name = Release;
		};
		C4FC29302A1F6DA800D79F78 /* Debug */ = {
			isa = XCBuildConfiguration;
			buildSettings = {
				ALWAYS_EMBED_SWIFT_STANDARD_LIBRARIES = YES;
				BUNDLE_LOADER = "$(TEST_HOST)";
				CODE_SIGN_STYLE = Automatic;
				CURRENT_PROJECT_VERSION = 1;
				DEVELOPMENT_TEAM = 685NK64Q38;
				GENERATE_INFOPLIST_FILE = YES;
				IPHONEOS_DEPLOYMENT_TARGET = 16.4;
				MARKETING_VERSION = 1.0;
				PRODUCT_BUNDLE_IDENTIFIER = raul.ElasticToggleTests;
				PRODUCT_NAME = "$(TARGET_NAME)";
				SWIFT_EMIT_LOC_STRINGS = NO;
				SWIFT_VERSION = 5.0;
				TARGETED_DEVICE_FAMILY = "1,2";
				TEST_HOST = "$(BUILT_PRODUCTS_DIR)/ElasticToggle.app/$(BUNDLE_EXECUTABLE_FOLDER_PATH)/ElasticToggle";
			};
			name = Debug;
		};
		C4FC29312A1F6DA800D79F78 /* Release */ = {
			isa = XCBuildConfiguration;
			buildSettings = {
				ALWAYS_EMBED_SWIFT_STANDARD_LIBRARIES = YES;
				BUNDLE_LOADER = "$(TEST_HOST)";
				CODE_SIGN_STYLE = Automatic;
				CURRENT_PROJECT_VERSION = 1;
				DEVELOPMENT_TEAM = 685NK64Q38;
				GENERATE_INFOPLIST_FILE = YES;
				IPHONEOS_DEPLOYMENT_TARGET = 16.4;
				MARKETING_VERSION = 1.0;
				PRODUCT_BUNDLE_IDENTIFIER = raul.ElasticToggleTests;
				PRODUCT_NAME = "$(TARGET_NAME)";
				SWIFT_EMIT_LOC_STRINGS = NO;
				SWIFT_VERSION = 5.0;
				TARGETED_DEVICE_FAMILY = "1,2";
				TEST_HOST = "$(BUILT_PRODUCTS_DIR)/ElasticToggle.app/$(BUNDLE_EXECUTABLE_FOLDER_PATH)/ElasticToggle";
			};
			name = Release;
		};
		C4FC29332A1F6DA800D79F78 /* Debug */ = {
			isa = XCBuildConfiguration;
			buildSettings = {
				ALWAYS_EMBED_SWIFT_STANDARD_LIBRARIES = YES;
				CODE_SIGN_STYLE = Automatic;
				CURRENT_PROJECT_VERSION = 1;
				DEVELOPMENT_TEAM = 685NK64Q38;
				GENERATE_INFOPLIST_FILE = YES;
				MARKETING_VERSION = 1.0;
				PRODUCT_BUNDLE_IDENTIFIER = raul.ElasticToggleUITests;
				PRODUCT_NAME = "$(TARGET_NAME)";
				SWIFT_EMIT_LOC_STRINGS = NO;
				SWIFT_VERSION = 5.0;
				TARGETED_DEVICE_FAMILY = "1,2";
				TEST_TARGET_NAME = ElasticToggle;
			};
			name = Debug;
		};
		C4FC29342A1F6DA800D79F78 /* Release */ = {
			isa = XCBuildConfiguration;
			buildSettings = {
				ALWAYS_EMBED_SWIFT_STANDARD_LIBRARIES = YES;
				CODE_SIGN_STYLE = Automatic;
				CURRENT_PROJECT_VERSION = 1;
				DEVELOPMENT_TEAM = 685NK64Q38;
				GENERATE_INFOPLIST_FILE = YES;
				MARKETING_VERSION = 1.0;
				PRODUCT_BUNDLE_IDENTIFIER = raul.ElasticToggleUITests;
				PRODUCT_NAME = "$(TARGET_NAME)";
				SWIFT_EMIT_LOC_STRINGS = NO;
				SWIFT_VERSION = 5.0;
				TARGETED_DEVICE_FAMILY = "1,2";
				TEST_TARGET_NAME = ElasticToggle;
			};
			name = Release;
		};
/* End XCBuildConfiguration section */

/* Begin XCConfigurationList section */
		C4FC29032A1F6DA700D79F78 /* Build configuration list for PBXProject "ElasticToggle" */ = {
			isa = XCConfigurationList;
			buildConfigurations = (
				C4FC292A2A1F6DA800D79F78 /* Debug */,
				C4FC292B2A1F6DA800D79F78 /* Release */,
			);
			defaultConfigurationIsVisible = 0;
			defaultConfigurationName = Release;
		};
		C4FC292C2A1F6DA800D79F78 /* Build configuration list for PBXNativeTarget "ElasticToggle" */ = {
			isa = XCConfigurationList;
			buildConfigurations = (
				C4FC292D2A1F6DA800D79F78 /* Debug */,
				C4FC292E2A1F6DA800D79F78 /* Release */,
			);
			defaultConfigurationIsVisible = 0;
			defaultConfigurationName = Release;
		};
		C4FC292F2A1F6DA800D79F78 /* Build configuration list for PBXNativeTarget "ElasticToggleTests" */ = {
			isa = XCConfigurationList;
			buildConfigurations = (
				C4FC29302A1F6DA800D79F78 /* Debug */,
				C4FC29312A1F6DA800D79F78 /* Release */,
			);
			defaultConfigurationIsVisible = 0;
			defaultConfigurationName = Release;
		};
		C4FC29322A1F6DA800D79F78 /* Build configuration list for PBXNativeTarget "ElasticToggleUITests" */ = {
			isa = XCConfigurationList;
			buildConfigurations = (
				C4FC29332A1F6DA800D79F78 /* Debug */,
				C4FC29342A1F6DA800D79F78 /* Release */,
			);
			defaultConfigurationIsVisible = 0;
			defaultConfigurationName = Release;
		};
/* End XCConfigurationList section */
	};
	rootObject = C4FC29002A1F6DA700D79F78 /* Project object */;
}
